version = 1
revision = 1
requires-python = ">=3.10"
resolution-markers = [
    "python_full_version >= '3.12'",
    "python_full_version < '3.12'",
]

[[package]]
name = "colorama"
version = "0.4.6"
source = { registry = "https://pypi.tuna.tsinghua.edu.cn/simple" }
sdist = { url = "https://pypi.tuna.tsinghua.edu.cn/packages/d8/53/6f443c9a4a8358a93a6792e2acffb9d9d5cb0a5cfd8802644b7b1c9a02e4/colorama-0.4.6.tar.gz", hash = "sha256:08695f5cb7ed6e0531a20572697297273c47b8cae5a63ffc6d6ed5c201be6e44", size = 27697 }
wheels = [
    { url = "https://pypi.tuna.tsinghua.edu.cn/packages/d1/d6/3965ed04c63042e047cb6a3e6ed1a63a35087b6a609aa3a15ed8ac56c221/colorama-0.4.6-py2.py3-none-any.whl", hash = "sha256:4f1d9991f5acc0ca119f9d443620b77f9d6b33703e51011c16baf57afb285fc6", size = 25335 },
]

[[package]]
name = "cppcg"
version = "0.1.0"
source = { virtual = "." }
dependencies = [
    { name = "pytest" },
    { name = "tree-sitter" },
]

[package.metadata]
requires-dist = [
    { name = "pytest", specifier = ">=7.0.0" },
    { name = "tree-sitter", specifier = ">=0.21" },
]

[[package]]
name = "exceptiongroup"
version = "1.3.0"
source = { registry = "https://pypi.tuna.tsinghua.edu.cn/simple" }
dependencies = [
    { name = "typing-extensions", marker = "python_full_version < '3.12'" },
]
sdist = { url = "https://pypi.tuna.tsinghua.edu.cn/packages/0b/9f/a65090624ecf468cdca03533906e7c69ed7588582240cfe7cc9e770b50eb/exceptiongroup-1.3.0.tar.gz", hash = "sha256:b241f5885f560bc56a59ee63ca4c6a8bfa46ae4ad651af316d4e81817bb9fd88", size = 29749 }
wheels = [
    { url = "https://pypi.tuna.tsinghua.edu.cn/packages/36/f4/c6e662dade71f56cd2f3735141b265c3c79293c109549c1e6933b0651ffc/exceptiongroup-1.3.0-py3-none-any.whl", hash = "sha256:4d111e6e0c13d0644cad6ddaa7ed0261a0b36971f6d23e7ec9b4b9097da78a10", size = 16674 },
]

[[package]]
name = "iniconfig"
version = "2.3.0"
source = { registry = "https://pypi.tuna.tsinghua.edu.cn/simple" }
sdist = { url = "https://pypi.tuna.tsinghua.edu.cn/packages/72/34/14ca021ce8e5dfedc35312d08ba8bf51fdd999c576889fc2c24cb97f4f10/iniconfig-2.3.0.tar.gz", hash = "sha256:c76315c77db068650d49c5b56314774a7804df16fee4402c1f19d6d15d8c4730", size = 20503 }
wheels = [
    { url = "https://pypi.tuna.tsinghua.edu.cn/packages/cb/b1/3846dd7f199d53cb17f49cba7e651e9ce294d8497c8c150530ed11865bb8/iniconfig-2.3.0-py3-none-any.whl", hash = "sha256:f631c04d2c48c52b84d0d0549c99ff3859c98df65b3101406327ecc7d53fbf12", size = 7484 },
]

[[package]]
name = "packaging"
version = "25.0"
source = { registry = "https://pypi.tuna.tsinghua.edu.cn/simple" }
sdist = { url = "https://pypi.tuna.tsinghua.edu.cn/packages/a1/d4/1fc4078c65507b51b96ca8f8c3ba19e6a61c8253c72794544580a7b6c24d/packaging-25.0.tar.gz", hash = "sha256:d443872c98d677bf60f6a1f2f8c1cb748e8fe762d2bf9d3148b5599295b0fc4f", size = 165727 }
wheels = [
    { url = "https://pypi.tuna.tsinghua.edu.cn/packages/20/12/38679034af332785aac8774540895e234f4d07f7545804097de4b666afd8/packaging-25.0-py3-none-any.whl", hash = "sha256:29572ef2b1f17581046b3a2227d5c611fb25ec70ca1ba8554b24b0e69331a484", size = 66469 },
]

[[package]]
name = "pluggy"
version = "1.6.0"
source = { registry = "https://pypi.tuna.tsinghua.edu.cn/simple" }
sdist = { url = "https://pypi.tuna.tsinghua.edu.cn/packages/f9/e2/3e91f31a7d2b083fe6ef3fa267035b518369d9511ffab804f839851d2779/pluggy-1.6.0.tar.gz", hash = "sha256:7dcc130b76258d33b90f61b658791dede3486c3e6bfb003ee5c9bfb396dd22f3", size = 69412 }
wheels = [
    { url = "https://pypi.tuna.tsinghua.edu.cn/packages/54/20/4d324d65cc6d9205fabedc306948156824eb9f0ee1633355a8f7ec5c66bf/pluggy-1.6.0-py3-none-any.whl", hash = "sha256:e920276dd6813095e9377c0bc5566d94c932c33b27a3e3945d8389c374dd4746", size = 20538 },
]

[[package]]
name = "pygments"
version = "2.19.2"
source = { registry = "https://pypi.tuna.tsinghua.edu.cn/simple" }
sdist = { url = "https://pypi.tuna.tsinghua.edu.cn/packages/b0/77/a5b8c569bf593b0140bde72ea885a803b82086995367bf2037de0159d924/pygments-2.19.2.tar.gz", hash = "sha256:636cb2477cec7f8952536970bc533bc43743542f70392ae026374600add5b887", size = 4968631 }
wheels = [
    { url = "https://pypi.tuna.tsinghua.edu.cn/packages/c7/21/705964c7812476f378728bdf590ca4b771ec72385c533964653c68e86bdc/pygments-2.19.2-py3-none-any.whl", hash = "sha256:86540386c03d588bb81d44bc3928634ff26449851e99741617ecb9037ee5ec0b", size = 1225217 },
]

[[package]]
name = "pytest"
version = "9.0.0"
source = { registry = "https://pypi.tuna.tsinghua.edu.cn/simple" }
dependencies = [
    { name = "colorama", marker = "sys_platform == 'win32'" },
    { name = "exceptiongroup", marker = "python_full_version < '3.11'" },
    { name = "iniconfig" },
    { name = "packaging" },
    { name = "pluggy" },
    { name = "pygments" },
    { name = "tomli", marker = "python_full_version < '3.11'" },
]
sdist = { url = "https://pypi.tuna.tsinghua.edu.cn/packages/da/1d/eb34f286b164c5e431a810a38697409cca1112cee04b287bb56ac486730b/pytest-9.0.0.tar.gz", hash = "sha256:8f44522eafe4137b0f35c9ce3072931a788a21ee40a2ed279e817d3cc16ed21e", size = 1562764 }
wheels = [
    { url = "https://pypi.tuna.tsinghua.edu.cn/packages/72/99/cafef234114a3b6d9f3aaed0723b437c40c57bdb7b3e4c3a575bc4890052/pytest-9.0.0-py3-none-any.whl", hash = "sha256:e5ccdf10b0bac554970ee88fc1a4ad0ee5d221f8ef22321f9b7e4584e19d7f96", size = 373364 },
]

[[package]]
name = "tomli"
version = "2.3.0"
source = { registry = "https://pypi.tuna.tsinghua.edu.cn/simple" }
sdist = { url = "https://pypi.tuna.tsinghua.edu.cn/packages/52/ed/3f73f72945444548f33eba9a87fc7a6e969915e7b1acc8260b30e1f76a2f/tomli-2.3.0.tar.gz", hash = "sha256:64be704a875d2a59753d80ee8a533c3fe183e3f06807ff7dc2232938ccb01549", size = 17392 }
wheels = [
    { url = "https://pypi.tuna.tsinghua.edu.cn/packages/b3/2e/299f62b401438d5fe1624119c723f5d877acc86a4c2492da405626665f12/tomli-2.3.0-cp311-cp311-macosx_10_9_x86_64.whl", hash = "sha256:88bd15eb972f3664f5ed4b57c1634a97153b4bac4479dcb6a495f41921eb7f45", size = 153236 },
    { url = "https://pypi.tuna.tsinghua.edu.cn/packages/86/7f/d8fffe6a7aefdb61bced88fcb5e280cfd71e08939da5894161bd71bea022/tomli-2.3.0-cp311-cp311-macosx_11_0_arm64.whl", hash = "sha256:883b1c0d6398a6a9d29b508c331fa56adbcdff647f6ace4dfca0f50e90dfd0ba", size = 148084 },
    { url = "https://pypi.tuna.tsinghua.edu.cn/packages/47/5c/24935fb6a2ee63e86d80e4d3b58b222dafaf438c416752c8b58537c8b89a/tomli-2.3.0-cp311-cp311-manylinux2014_aarch64.manylinux_2_17_aarch64.manylinux_2_28_aarch64.whl", hash = "sha256:d1381caf13ab9f300e30dd8feadb3de072aeb86f1d34a8569453ff32a7dea4bf", size = 234832 },
    { url = "https://pypi.tuna.tsinghua.edu.cn/packages/89/da/75dfd804fc11e6612846758a23f13271b76d577e299592b4371a4ca4cd09/tomli-2.3.0-cp311-cp311-manylinux2014_x86_64.manylinux_2_17_x86_64.manylinux_2_28_x86_64.whl", hash = "sha256:a0e285d2649b78c0d9027570d4da3425bdb49830a6156121360b3f8511ea3441", size = 242052 },
    { url = "https://pypi.tuna.tsinghua.edu.cn/packages/70/8c/f48ac899f7b3ca7eb13af73bacbc93aec37f9c954df3c08ad96991c8c373/tomli-2.3.0-cp311-cp311-musllinux_1_2_aarch64.whl", hash = "sha256:0a154a9ae14bfcf5d8917a59b51ffd5a3ac1fd149b71b47a3a104ca4edcfa845", size = 239555 },
    { url = "https://pypi.tuna.tsinghua.edu.cn/packages/ba/28/72f8afd73f1d0e7829bfc093f4cb98ce0a40ffc0cc997009ee1ed94ba705/tomli-2.3.0-cp311-cp311-musllinux_1_2_x86_64.whl", hash = "sha256:74bf8464ff93e413514fefd2be591c3b0b23231a77f901db1eb30d6f712fc42c", size = 245128 },
    { url = "https://pypi.tuna.tsinghua.edu.cn/packages/b6/eb/a7679c8ac85208706d27436e8d421dfa39d4c914dcf5fa8083a9305f58d9/tomli-2.3.0-cp311-cp311-win32.whl", hash = "sha256:00b5f5d95bbfc7d12f91ad8c593a1659b6387b43f054104cda404be6bda62456", size = 96445 },
    { url = "https://pypi.tuna.tsinghua.edu.cn/packages/0a/fe/3d3420c4cb1ad9cb462fb52967080575f15898da97e21cb6f1361d505383/tomli-2.3.0-cp311-cp311-win_amd64.whl", hash = "sha256:4dc4ce8483a5d429ab602f111a93a6ab1ed425eae3122032db7e9acf449451be", size = 107165 },
    { url = "https://pypi.tuna.tsinghua.edu.cn/packages/ff/b7/40f36368fcabc518bb11c8f06379a0fd631985046c038aca08c6d6a43c6e/tomli-2.3.0-cp312-cp312-macosx_10_13_x86_64.whl", hash = "sha256:d7d86942e56ded512a594786a5ba0a5e521d02529b3826e7761a05138341a2ac", size = 154891 },
    { url = "https://pypi.tuna.tsinghua.edu.cn/packages/f9/3f/d9dd692199e3b3aab2e4e4dd948abd0f790d9ded8cd10cbaae276a898434/tomli-2.3.0-cp312-cp312-macosx_11_0_arm64.whl", hash = "sha256:73ee0b47d4dad1c5e996e3cd33b8a76a50167ae5f96a2607cbe8cc773506ab22", size = 148796 },
    { url = "https://pypi.tuna.tsinghua.edu.cn/packages/60/83/59bff4996c2cf9f9387a0f5a3394629c7efa5ef16142076a23a90f1955fa/tomli-2.3.0-cp312-cp312-manylinux2014_aarch64.manylinux_2_17_aarch64.manylinux_2_28_aarch64.whl", hash = "sha256:792262b94d5d0a466afb5bc63c7daa9d75520110971ee269152083270998316f", size = 242121 },
    { url = "https://pypi.tuna.tsinghua.edu.cn/packages/45/e5/7c5119ff39de8693d6baab6c0b6dcb556d192c165596e9fc231ea1052041/tomli-2.3.0-cp312-cp312-manylinux2014_x86_64.manylinux_2_17_x86_64.manylinux_2_28_x86_64.whl", hash = "sha256:4f195fe57ecceac95a66a75ac24d9d5fbc98ef0962e09b2eddec5d39375aae52", size = 250070 },
    { url = "https://pypi.tuna.tsinghua.edu.cn/packages/45/12/ad5126d3a278f27e6701abde51d342aa78d06e27ce2bb596a01f7709a5a2/tomli-2.3.0-cp312-cp312-musllinux_1_2_aarch64.whl", hash = "sha256:e31d432427dcbf4d86958c184b9bfd1e96b5b71f8eb17e6d02531f434fd335b8", size = 245859 },
    { url = "https://pypi.tuna.tsinghua.edu.cn/packages/fb/a1/4d6865da6a71c603cfe6ad0e6556c73c76548557a8d658f9e3b142df245f/tomli-2.3.0-cp312-cp312-musllinux_1_2_x86_64.whl", hash = "sha256:7b0882799624980785240ab732537fcfc372601015c00f7fc367c55308c186f6", size = 250296 },
    { url = "https://pypi.tuna.tsinghua.edu.cn/packages/a0/b7/a7a7042715d55c9ba6e8b196d65d2cb662578b4d8cd17d882d45322b0d78/tomli-2.3.0-cp312-cp312-win32.whl", hash = "sha256:ff72b71b5d10d22ecb084d345fc26f42b5143c5533db5e2eaba7d2d335358876", size = 97124 },
    { url = "https://pypi.tuna.tsinghua.edu.cn/packages/06/1e/f22f100db15a68b520664eb3328fb0ae4e90530887928558112c8d1f4515/tomli-2.3.0-cp312-cp312-win_amd64.whl", hash = "sha256:1cb4ed918939151a03f33d4242ccd0aa5f11b3547d0cf30f7c74a408a5b99878", size = 107698 },
    { url = "https://pypi.tuna.tsinghua.edu.cn/packages/89/48/06ee6eabe4fdd9ecd48bf488f4ac783844fd777f547b8d1b61c11939974e/tomli-2.3.0-cp313-cp313-macosx_10_13_x86_64.whl", hash = "sha256:5192f562738228945d7b13d4930baffda67b69425a7f0da96d360b0a3888136b", size = 154819 },
    { url = "https://pypi.tuna.tsinghua.edu.cn/packages/f1/01/88793757d54d8937015c75dcdfb673c65471945f6be98e6a0410fba167ed/tomli-2.3.0-cp313-cp313-macosx_11_0_arm64.whl", hash = "sha256:be71c93a63d738597996be9528f4abe628d1adf5e6eb11607bc8fe1a510b5dae", size = 148766 },
    { url = "https://pypi.tuna.tsinghua.edu.cn/packages/42/17/5e2c956f0144b812e7e107f94f1cc54af734eb17b5191c0bbfb72de5e93e/tomli-2.3.0-cp313-cp313-manylinux2014_aarch64.manylinux_2_17_aarch64.manylinux_2_28_aarch64.whl", hash = "sha256:c4665508bcbac83a31ff8ab08f424b665200c0e1e645d2bd9ab3d3e557b6185b", size = 240771 },
    { url = "https://pypi.tuna.tsinghua.edu.cn/packages/d5/f4/0fbd014909748706c01d16824eadb0307115f9562a15cbb012cd9b3512c5/tomli-2.3.0-cp313-cp313-manylinux2014_x86_64.manylinux_2_17_x86_64.manylinux_2_28_x86_64.whl", hash = "sha256:4021923f97266babc6ccab9f5068642a0095faa0a51a246a6a02fccbb3514eaf", size = 248586 },
    { url = "https://pypi.tuna.tsinghua.edu.cn/packages/30/77/fed85e114bde5e81ecf9bc5da0cc69f2914b38f4708c80ae67d0c10180c5/tomli-2.3.0-cp313-cp313-musllinux_1_2_aarch64.whl", hash = "sha256:a4ea38c40145a357d513bffad0ed869f13c1773716cf71ccaa83b0fa0cc4e42f", size = 244792 },
    { url = "https://pypi.tuna.tsinghua.edu.cn/packages/55/92/afed3d497f7c186dc71e6ee6d4fcb0acfa5f7d0a1a2878f8beae379ae0cc/tomli-2.3.0-cp313-cp313-musllinux_1_2_x86_64.whl", hash = "sha256:ad805ea85eda330dbad64c7ea7a4556259665bdf9d2672f5dccc740eb9d3ca05", size = 248909 },
    { url = "https://pypi.tuna.tsinghua.edu.cn/packages/f8/84/ef50c51b5a9472e7265ce1ffc7f24cd4023d289e109f669bdb1553f6a7c2/tomli-2.3.0-cp313-cp313-win32.whl", hash = "sha256:97d5eec30149fd3294270e889b4234023f2c69747e555a27bd708828353ab606", size = 96946 },
    { url = "https://pypi.tuna.tsinghua.edu.cn/packages/b2/b7/718cd1da0884f281f95ccfa3a6cc572d30053cba64603f79d431d3c9b61b/tomli-2.3.0-cp313-cp313-win_amd64.whl", hash = "sha256:0c95ca56fbe89e065c6ead5b593ee64b84a26fca063b5d71a1122bf26e533999", size = 107705 },
    { url = "https://pypi.tuna.tsinghua.edu.cn/packages/19/94/aeafa14a52e16163008060506fcb6aa1949d13548d13752171a755c65611/tomli-2.3.0-cp314-cp314-macosx_10_13_x86_64.whl", hash = "sha256:cebc6fe843e0733ee827a282aca4999b596241195f43b4cc371d64fc6639da9e", size = 154244 },
    { url = "https://pypi.tuna.tsinghua.edu.cn/packages/db/e4/1e58409aa78eefa47ccd19779fc6f36787edbe7d4cd330eeeedb33a4515b/tomli-2.3.0-cp314-cp314-macosx_11_0_arm64.whl", hash = "sha256:4c2ef0244c75aba9355561272009d934953817c49f47d768070c3c94355c2aa3", size = 148637 },
    { url = "https://pypi.tuna.tsinghua.edu.cn/packages/26/b6/d1eccb62f665e44359226811064596dd6a366ea1f985839c566cd61525ae/tomli-2.3.0-cp314-cp314-manylinux2014_aarch64.manylinux_2_17_aarch64.manylinux_2_28_aarch64.whl", hash = "sha256:c22a8bf253bacc0cf11f35ad9808b6cb75ada2631c2d97c971122583b129afbc", size = 241925 },
    { url = "https://pypi.tuna.tsinghua.edu.cn/packages/70/91/7cdab9a03e6d3d2bb11beae108da5bdc1c34bdeb06e21163482544ddcc90/tomli-2.3.0-cp314-cp314-manylinux2014_x86_64.manylinux_2_17_x86_64.manylinux_2_28_x86_64.whl", hash = "sha256:0eea8cc5c5e9f89c9b90c4896a8deefc74f518db5927d0e0e8d4a80953d774d0", size = 249045 },
    { url = "https://pypi.tuna.tsinghua.edu.cn/packages/15/1b/8c26874ed1f6e4f1fcfeb868db8a794cbe9f227299402db58cfcc858766c/tomli-2.3.0-cp314-cp314-musllinux_1_2_aarch64.whl", hash = "sha256:b74a0e59ec5d15127acdabd75ea17726ac4c5178ae51b85bfe39c4f8a278e879", size = 245835 },
    { url = "https://pypi.tuna.tsinghua.edu.cn/packages/fd/42/8e3c6a9a4b1a1360c1a2a39f0b972cef2cc9ebd56025168c4137192a9321/tomli-2.3.0-cp314-cp314-musllinux_1_2_x86_64.whl", hash = "sha256:b5870b50c9db823c595983571d1296a6ff3e1b88f734a4c8f6fc6188397de005", size = 253109 },
    { url = "https://pypi.tuna.tsinghua.edu.cn/packages/22/0c/b4da635000a71b5f80130937eeac12e686eefb376b8dee113b4a582bba42/tomli-2.3.0-cp314-cp314-win32.whl", hash = "sha256:feb0dacc61170ed7ab602d3d972a58f14ee3ee60494292d384649a3dc38ef463", size = 97930 },
    { url = "https://pypi.tuna.tsinghua.edu.cn/packages/b9/74/cb1abc870a418ae99cd5c9547d6bce30701a954e0e721821df483ef7223c/tomli-2.3.0-cp314-cp314-win_amd64.whl", hash = "sha256:b273fcbd7fc64dc3600c098e39136522650c49bca95df2d11cf3b626422392c8", size = 107964 },
    { url = "https://pypi.tuna.tsinghua.edu.cn/packages/54/78/5c46fff6432a712af9f792944f4fcd7067d8823157949f4e40c56b8b3c83/tomli-2.3.0-cp314-cp314t-macosx_10_13_x86_64.whl", hash = "sha256:940d56ee0410fa17ee1f12b817b37a4d4e4dc4d27340863cc67236c74f582e77", size = 163065 },
    { url = "https://pypi.tuna.tsinghua.edu.cn/packages/39/67/f85d9bd23182f45eca8939cd2bc7050e1f90c41f4a2ecbbd5963a1d1c486/tomli-2.3.0-cp314-cp314t-macosx_11_0_arm64.whl", hash = "sha256:f85209946d1fe94416debbb88d00eb92ce9cd5266775424ff81bc959e001acaf", size = 159088 },
    { url = "https://pypi.tuna.tsinghua.edu.cn/packages/26/5a/4b546a0405b9cc0659b399f12b6adb750757baf04250b148d3c5059fc4eb/tomli-2.3.0-cp314-cp314t-manylinux2014_aarch64.manylinux_2_17_aarch64.manylinux_2_28_aarch64.whl", hash = "sha256:a56212bdcce682e56b0aaf79e869ba5d15a6163f88d5451cbde388d48b13f530", size = 268193 },
    { url = "https://pypi.tuna.tsinghua.edu.cn/packages/42/4f/2c12a72ae22cf7b59a7fe75b3465b7aba40ea9145d026ba41cb382075b0e/tomli-2.3.0-cp314-cp314t-manylinux2014_x86_64.manylinux_2_17_x86_64.manylinux_2_28_x86_64.whl", hash = "sha256:c5f3ffd1e098dfc032d4d3af5c0ac64f6d286d98bc148698356847b80fa4de1b", size = 275488 },
    { url = "https://pypi.tuna.tsinghua.edu.cn/packages/92/04/a038d65dbe160c3aa5a624e93ad98111090f6804027d474ba9c37c8ae186/tomli-2.3.0-cp314-cp314t-musllinux_1_2_aarch64.whl", hash = "sha256:5e01decd096b1530d97d5d85cb4dff4af2d8347bd35686654a004f8dea20fc67", size = 272669 },
    { url = "https://pypi.tuna.tsinghua.edu.cn/packages/be/2f/8b7c60a9d1612a7cbc39ffcca4f21a73bf368a80fc25bccf8253e2563267/tomli-2.3.0-cp314-cp314t-musllinux_1_2_x86_64.whl", hash = "sha256:8a35dd0e643bb2610f156cca8db95d213a90015c11fee76c946aa62b7ae7e02f", size = 279709 },
    { url = "https://pypi.tuna.tsinghua.edu.cn/packages/7e/46/cc36c679f09f27ded940281c38607716c86cf8ba4a518d524e349c8b4874/tomli-2.3.0-cp314-cp314t-win32.whl", hash = "sha256:a1f7f282fe248311650081faafa5f4732bdbfef5d45fe3f2e702fbc6f2d496e0", size = 107563 },
    { url = "https://pypi.tuna.tsinghua.edu.cn/packages/84/ff/426ca8683cf7b753614480484f6437f568fd2fda2edbdf57a2d3d8b27a0b/tomli-2.3.0-cp314-cp314t-win_amd64.whl", hash = "sha256:70a251f8d4ba2d9ac2542eecf008b3c8a9fc5c3f9f02c56a9d7952612be2fdba", size = 119756 },
    { url = "https://pypi.tuna.tsinghua.edu.cn/packages/77/b8/0135fadc89e73be292b473cb820b4f5a08197779206b33191e801feeae40/tomli-2.3.0-py3-none-any.whl", hash = "sha256:e95b1af3c5b07d9e643909b5abbec77cd9f1217e6d0bca72b0234736b9fb1f1b", size = 14408 },
]

[[package]]
name = "tree-sitter"
version = "0.25.2"
source = { registry = "https://pypi.tuna.tsinghua.edu.cn/simple" }
sdist = { url = "https://pypi.tuna.tsinghua.edu.cn/packages/66/7c/0350cfc47faadc0d3cf7d8237a4e34032b3014ddf4a12ded9933e1648b55/tree-sitter-0.25.2.tar.gz", hash = "sha256:fe43c158555da46723b28b52e058ad444195afd1db3ca7720c59a254544e9c20", size = 177961 }
wheels = [
    { url = "https://pypi.tuna.tsinghua.edu.cn/packages/e2/d4/f7ffb855cb039b7568aba4911fbe42e4c39c0e4398387c8e0d8251489992/tree_sitter-0.25.2-cp310-cp310-macosx_10_9_x86_64.whl", hash = "sha256:72a510931c3c25f134aac2daf4eb4feca99ffe37a35896d7150e50ac3eee06c7", size = 146749 },
    { url = "https://pypi.tuna.tsinghua.edu.cn/packages/9a/58/f8a107f9f89700c0ab2930f1315e63bdedccbb5fd1b10fcbc5ebadd54ac8/tree_sitter-0.25.2-cp310-cp310-macosx_11_0_arm64.whl", hash = "sha256:44488e0e78146f87baaa009736886516779253d6d6bac3ef636ede72bc6a8234", size = 137766 },
    { url = "https://pypi.tuna.tsinghua.edu.cn/packages/19/fb/357158d39f01699faea466e8fd5a849f5a30252c68414bddc20357a9ac79/tree_sitter-0.25.2-cp310-cp310-manylinux2014_aarch64.manylinux_2_17_aarch64.manylinux_2_28_aarch64.whl", hash = "sha256:c2f8e7d6b2f8489d4a9885e3adcaef4bc5ff0a275acd990f120e29c4ab3395c5", size = 599809 },
    { url = "https://pypi.tuna.tsinghua.edu.cn/packages/c5/a4/68ae301626f2393a62119481cb660eb93504a524fc741a6f1528a4568cf6/tree_sitter-0.25.2-cp310-cp310-manylinux2014_x86_64.manylinux_2_17_x86_64.manylinux_2_28_x86_64.whl", hash = "sha256:20b570690f87f1da424cd690e51cc56728d21d63f4abd4b326d382a30353acc7", size = 627676 },
    { url = "https://pypi.tuna.tsinghua.edu.cn/packages/69/fe/4c1bef37db5ca8b17ca0b3070f2dff509468a50b3af18f17665adcab42b9/tree_sitter-0.25.2-cp310-cp310-musllinux_1_2_x86_64.whl", hash = "sha256:a0ec41b895da717bc218a42a3a7a0bfcfe9a213d7afaa4255353901e0e21f696", size = 624281 },
    { url = "https://pypi.tuna.tsinghua.edu.cn/packages/d4/30/3283cb7fa251cae2a0bf8661658021a789810db3ab1b0569482d4a3671fd/tree_sitter-0.25.2-cp310-cp310-win_amd64.whl", hash = "sha256:7712335855b2307a21ae86efe949c76be36c6068d76df34faa27ce9ee40ff444", size = 127295 },
    { url = "https://pypi.tuna.tsinghua.edu.cn/packages/88/90/ceb05e6de281aebe82b68662890619580d4ffe09283ebd2ceabcf5df7b4a/tree_sitter-0.25.2-cp310-cp310-win_arm64.whl", hash = "sha256:a925364eb7fbb9cdce55a9868f7525a1905af512a559303bd54ef468fd88cb37", size = 113991 },
    { url = "https://pypi.tuna.tsinghua.edu.cn/packages/7c/22/88a1e00b906d26fa8a075dd19c6c3116997cb884bf1b3c023deb065a344d/tree_sitter-0.25.2-cp311-cp311-macosx_10_9_x86_64.whl", hash = "sha256:b8ca72d841215b6573ed0655b3a5cd1133f9b69a6fa561aecad40dca9029d75b", size = 146752 },
    { url = "https://pypi.tuna.tsinghua.edu.cn/packages/57/1c/22cc14f3910017b7a76d7358df5cd315a84fe0c7f6f7b443b49db2e2790d/tree_sitter-0.25.2-cp311-cp311-macosx_11_0_arm64.whl", hash = "sha256:cc0351cfe5022cec5a77645f647f92a936b38850346ed3f6d6babfbeeeca4d26", size = 137765 },
    { url = "https://pypi.tuna.tsinghua.edu.cn/packages/1c/0c/d0de46ded7d5b34631e0f630d9866dab22d3183195bf0f3b81de406d6622/tree_sitter-0.25.2-cp311-cp311-manylinux2014_aarch64.manylinux_2_17_aarch64.manylinux_2_28_aarch64.whl", hash = "sha256:1799609636c0193e16c38f366bda5af15b1ce476df79ddaae7dd274df9e44266", size = 604643 },
    { url = "https://pypi.tuna.tsinghua.edu.cn/packages/34/38/b735a58c1c2f60a168a678ca27b4c1a9df725d0bf2d1a8a1c571c033111e/tree_sitter-0.25.2-cp311-cp311-manylinux2014_x86_64.manylinux_2_17_x86_64.manylinux_2_28_x86_64.whl", hash = "sha256:3e65ae456ad0d210ee71a89ee112ac7e72e6c2e5aac1b95846ecc7afa68a194c", size = 632229 },
    { url = "https://pypi.tuna.tsinghua.edu.cn/packages/32/f6/cda1e1e6cbff5e28d8433578e2556d7ba0b0209d95a796128155b97e7693/tree_sitter-0.25.2-cp311-cp311-musllinux_1_2_x86_64.whl", hash = "sha256:49ee3c348caa459244ec437ccc7ff3831f35977d143f65311572b8ba0a5f265f", size = 629861 },
    { url = "https://pypi.tuna.tsinghua.edu.cn/packages/f9/19/427e5943b276a0dd74c2a1f1d7a7393443f13d1ee47dedb3f8127903c080/tree_sitter-0.25.2-cp311-cp311-win_amd64.whl", hash = "sha256:56ac6602c7d09c2c507c55e58dc7026b8988e0475bd0002f8a386cce5e8e8adc", size = 127304 },
    { url = "https://pypi.tuna.tsinghua.edu.cn/packages/eb/d9/eef856dc15f784d85d1397a17f3ee0f82df7778efce9e1961203abfe376a/tree_sitter-0.25.2-cp311-cp311-win_arm64.whl", hash = "sha256:b3d11a3a3ac89bb8a2543d75597f905a9926f9c806f40fcca8242922d1cc6ad5", size = 113990 },
    { url = "https://pypi.tuna.tsinghua.edu.cn/packages/3c/9e/20c2a00a862f1c2897a436b17edb774e831b22218083b459d0d081c9db33/tree_sitter-0.25.2-cp312-cp312-macosx_10_13_x86_64.whl", hash = "sha256:ddabfff809ffc983fc9963455ba1cecc90295803e06e140a4c83e94c1fa3d960", size = 146941 },
    { url = "https://pypi.tuna.tsinghua.edu.cn/packages/ef/04/8512e2062e652a1016e840ce36ba1cc33258b0dcc4e500d8089b4054afec/tree_sitter-0.25.2-cp312-cp312-macosx_11_0_arm64.whl", hash = "sha256:c0c0ab5f94938a23fe81928a21cc0fac44143133ccc4eb7eeb1b92f84748331c", size = 137699 },
    { url = "https://pypi.tuna.tsinghua.edu.cn/packages/47/8a/d48c0414db19307b0fb3bb10d76a3a0cbe275bb293f145ee7fba2abd668e/tree_sitter-0.25.2-cp312-cp312-manylinux2014_aarch64.manylinux_2_17_aarch64.manylinux_2_28_aarch64.whl", hash = "sha256:dd12d80d91d4114ca097626eb82714618dcdfacd6a5e0955216c6485c350ef99", size = 607125 },
    { url = "https://pypi.tuna.tsinghua.edu.cn/packages/39/d1/b95f545e9fc5001b8a78636ef942a4e4e536580caa6a99e73dd0a02e87aa/tree_sitter-0.25.2-cp312-cp312-manylinux2014_x86_64.manylinux_2_17_x86_64.manylinux_2_28_x86_64.whl", hash = "sha256:b43a9e4c89d4d0839de27cd4d6902d33396de700e9ff4c5ab7631f277a85ead9", size = 635418 },
    { url = "https://pypi.tuna.tsinghua.edu.cn/packages/de/4d/b734bde3fb6f3513a010fa91f1f2875442cdc0382d6a949005cd84563d8f/tree_sitter-0.25.2-cp312-cp312-musllinux_1_2_x86_64.whl", hash = "sha256:fbb1706407c0e451c4f8cc016fec27d72d4b211fdd3173320b1ada7a6c74c3ac", size = 631250 },
    { url = "https://pypi.tuna.tsinghua.edu.cn/packages/46/f2/5f654994f36d10c64d50a192239599fcae46677491c8dd53e7579c35a3e3/tree_sitter-0.25.2-cp312-cp312-win_amd64.whl", hash = "sha256:6d0302550bbe4620a5dc7649517c4409d74ef18558276ce758419cf09e578897", size = 127156 },
    { url = "https://pypi.tuna.tsinghua.edu.cn/packages/67/23/148c468d410efcf0a9535272d81c258d840c27b34781d625f1f627e2e27d/tree_sitter-0.25.2-cp312-cp312-win_arm64.whl", hash = "sha256:0c8b6682cac77e37cfe5cf7ec388844957f48b7bd8d6321d0ca2d852994e10d5", size = 113984 },
    { url = "https://pypi.tuna.tsinghua.edu.cn/packages/8c/67/67492014ce32729b63d7ef318a19f9cfedd855d677de5773476caf771e96/tree_sitter-0.25.2-cp313-cp313-macosx_10_13_x86_64.whl", hash = "sha256:0628671f0de69bb279558ef6b640bcfc97864fe0026d840f872728a86cd6b6cd", size = 146926 },
    { url = "https://pypi.tuna.tsinghua.edu.cn/packages/4e/9c/a278b15e6b263e86c5e301c82a60923fa7c59d44f78d7a110a89a413e640/tree_sitter-0.25.2-cp313-cp313-macosx_11_0_arm64.whl", hash = "sha256:f5ddcd3e291a749b62521f71fc953f66f5fd9743973fd6dd962b092773569601", size = 137712 },
    { url = "https://pypi.tuna.tsinghua.edu.cn/packages/54/9a/423bba15d2bf6473ba67846ba5244b988cd97a4b1ea2b146822162256794/tree_sitter-0.25.2-cp313-cp313-manylinux2014_aarch64.manylinux_2_17_aarch64.manylinux_2_28_aarch64.whl", hash = "sha256:bd88fbb0f6c3a0f28f0a68d72df88e9755cf5215bae146f5a1bdc8362b772053", size = 607873 },
    { url = "https://pypi.tuna.tsinghua.edu.cn/packages/ed/4c/b430d2cb43f8badfb3a3fa9d6cd7c8247698187b5674008c9d67b2a90c8e/tree_sitter-0.25.2-cp313-cp313-manylinux2014_x86_64.manylinux_2_17_x86_64.manylinux_2_28_x86_64.whl", hash = "sha256:b878e296e63661c8e124177cc3084b041ba3f5936b43076d57c487822426f614", size = 636313 },
    { url = "https://pypi.tuna.tsinghua.edu.cn/packages/9d/27/5f97098dbba807331d666a0997662e82d066e84b17d92efab575d283822f/tree_sitter-0.25.2-cp313-cp313-musllinux_1_2_x86_64.whl", hash = "sha256:d77605e0d353ba3fe5627e5490f0fbfe44141bafa4478d88ef7954a61a848dae", size = 631370 },
    { url = "https://pypi.tuna.tsinghua.edu.cn/packages/d4/3c/87caaed663fabc35e18dc704cd0e9800a0ee2f22bd18b9cbe7c10799895d/tree_sitter-0.25.2-cp313-cp313-win_amd64.whl", hash = "sha256:463c032bd02052d934daa5f45d183e0521ceb783c2548501cf034b0beba92c9b", size = 127157 },
    { url = "https://pypi.tuna.tsinghua.edu.cn/packages/d5/23/f8467b408b7988aff4ea40946a4bd1a2c1a73d17156a9d039bbaff1e2ceb/tree_sitter-0.25.2-cp313-cp313-win_arm64.whl", hash = "sha256:b3f63a1796886249bd22c559a5944d64d05d43f2be72961624278eff0dcc5cb8", size = 113975 },
    { url = "https://pypi.tuna.tsinghua.edu.cn/packages/07/e3/d9526ba71dfbbe4eba5e51d89432b4b333a49a1e70712aa5590cd22fc74f/tree_sitter-0.25.2-cp314-cp314-macosx_10_13_x86_64.whl", hash = "sha256:65d3c931013ea798b502782acab986bbf47ba2c452610ab0776cf4a8ef150fc0", size = 146776 },
    { url = "https://pypi.tuna.tsinghua.edu.cn/packages/42/97/4bd4ad97f85a23011dd8a535534bb1035c4e0bac1234d58f438e15cff51f/tree_sitter-0.25.2-cp314-cp314-macosx_11_0_arm64.whl", hash = "sha256:bda059af9d621918efb813b22fb06b3fe00c3e94079c6143fcb2c565eb44cb87", size = 137732 },
    { url = "https://pypi.tuna.tsinghua.edu.cn/packages/b6/19/1e968aa0b1b567988ed522f836498a6a9529a74aab15f09dd9ac1e41f505/tree_sitter-0.25.2-cp314-cp314-manylinux2014_aarch64.manylinux_2_17_aarch64.manylinux_2_28_aarch64.whl", hash = "sha256:eac4e8e4c7060c75f395feec46421eb61212cb73998dbe004b7384724f3682ab", size = 609456 },
    { url = "https://pypi.tuna.tsinghua.edu.cn/packages/48/b6/cf08f4f20f4c9094006ef8828555484e842fc468827ad6e56011ab668dbd/tree_sitter-0.25.2-cp314-cp314-manylinux2014_x86_64.manylinux_2_17_x86_64.manylinux_2_28_x86_64.whl", hash = "sha256:260586381b23be33b6191a07cea3d44ecbd6c01aa4c6b027a0439145fcbc3358", size = 636772 },
    { url = "https://pypi.tuna.tsinghua.edu.cn/packages/57/e2/d42d55bf56360987c32bc7b16adb06744e425670b823fb8a5786a1cea991/tree_sitter-0.25.2-cp314-cp314-musllinux_1_2_x86_64.whl", hash = "sha256:7d2ee1acbacebe50ba0f85fff1bc05e65d877958f00880f49f9b2af38dce1af0", size = 631522 },
    { url = "https://pypi.tuna.tsinghua.edu.cn/packages/03/87/af9604ebe275a9345d88c3ace0cf2a1341aa3f8ef49dd9fc11662132df8a/tree_sitter-0.25.2-cp314-cp314-win_amd64.whl", hash = "sha256:4973b718fcadfb04e59e746abfbb0288694159c6aeecd2add59320c03368c721", size = 130864 },
    { url = "https://pypi.tuna.tsinghua.edu.cn/packages/a6/6e/e64621037357acb83d912276ffd30a859ef117f9c680f2e3cb955f47c680/tree_sitter-0.25.2-cp314-cp314-win_arm64.whl", hash = "sha256:b8d4429954a3beb3e844e2872610d2a4800ba4eb42bb1990c6a4b1949b18459f", size = 117470 },
]

[[package]]
name = "typing-extensions"
version = "4.15.0"
source = { registry = "https://pypi.tuna.tsinghua.edu.cn/simple" }
sdist = { url = "https://pypi.tuna.tsinghua.edu.cn/packages/72/94/1a15dd82efb362ac84269196e94cf00f187f7ed21c242792a923cdb1c61f/typing_extensions-4.15.0.tar.gz", hash = "sha256:0cea48d173cc12fa28ecabc3b837ea3cf6f38c6d1136f85cbaaf598984861466", size = 109391 }
wheels = [
    { url = "https://pypi.tuna.tsinghua.edu.cn/packages/18/67/36e9267722cc04a6b9f15c7f3441c2363321a3ea07da7ae0c0707beb2a9c/typing_extensions-4.15.0-py3-none-any.whl", hash = "sha256:f0fa19c6845758ab08074a0cfa8b7aecb71c999ca73d62883bc25cc018c4e548", size = 44614 },
]
